
Microsoft Visual Studio Solution File, Format Version 12.00
# Visual Studio Version 17
VisualStudioVersion = 17.3.32901.215
MinimumVisualStudioVersion = 10.0.40219.1
Project("{FAE04EC0-301F-11D3-BF4B-00C04F79EFBC}") = "git_commands", "git_commands\git_commands.csproj", "{F480F937-684D-4E51-8710-3FEEE5AEB3F8}"
EndProject
Global
	GlobalSection(SolutionConfigurationPlatforms) = preSolution
		Debug|Any CPU = Debug|Any CPU
		Release|Any CPU = Release|Any CPU
	EndGlobalSection
	GlobalSection(ProjectConfigurationPlatforms) = postSolution
		{F480F937-684D-4E51-8710-3FEEE5AEB3F8}.Debug|Any CPU.ActiveCfg = Debug|Any CPU
		{F480F937-684D-4E51-8710-3FEEE5AEB3F8}.Debug|Any CPU.Build.0 = Debug|Any CPU
		{F480F937-684D-4E51-8710-3FEEE5AEB3F8}.Release|Any CPU.ActiveCfg = Release|Any CPU
		{F480F937-684D-4E51-8710-3FEEE5AEB3F8}.Release|Any CPU.Build.0 = Release|Any CPU
	EndGlobalSection
	GlobalSection(SolutionProperties) = preSolution
		HideSolutionNode = FALSE
	EndGlobalSection
	GlobalSection(ExtensibilityGlobals) = postSolution
		SolutionGuid = {71DA2621-C852-4400-93AF-A6A0A249AC3B}
	EndGlobalSection
EndGlobal
